// !$*UTF8*$!
{
	archiveVersion = 1;
	classes = {
	};
	objectVersion = 46;
	objects = {

/* Begin PBXBuildFile section */
		D402AE1A1ED31BD100412BE9 /* AppDelegate.swift in Sources */ = {isa = PBXBuildFile; fileRef = D402AE191ED31BD100412BE9 /* AppDelegate.swift */; };
		D402AE1C1ED31BD100412BE9 /* TaskListViewController.swift in Sources */ = {isa = PBXBuildFile; fileRef = D402AE1B1ED31BD100412BE9 /* TaskListViewController.swift */; };
		D402AE1F1ED31BD100412BE9 /* Main.storyboard in Resources */ = {isa = PBXBuildFile; fileRef = D402AE1D1ED31BD100412BE9 /* Main.storyboard */; };
		D402AE211ED31BD100412BE9 /* Assets.xcassets in Resources */ = {isa = PBXBuildFile; fileRef = D402AE201ED31BD100412BE9 /* Assets.xcassets */; };
		D402AE241ED31BD100412BE9 /* LaunchScreen.storyboard in Resources */ = {isa = PBXBuildFile; fileRef = D402AE221ED31BD100412BE9 /* LaunchScreen.storyboard */; };
		D4B77BB91ED5A22000979112 /* Task.swift in Sources */ = {isa = PBXBuildFile; fileRef = D4B77BB81ED5A22000979112 /* Task.swift */; };
		D4B77BBB1ED5B44B00979112 /* TaskEditViewController.swift in Sources */ = {isa = PBXBuildFile; fileRef = D4B77BBA1ED5B44B00979112 /* TaskEditViewController.swift */; };
/* End PBXBuildFile section */

/* Begin PBXFileReference section */
		D402AE161ED31BD100412BE9 /* Todobox.app */ = {isa = PBXFileReference; explicitFileType = wrapper.application; includeInIndex = 0; path = Todobox.app; sourceTree = BUILT_PRODUCTS_DIR; };
		D402AE191ED31BD100412BE9 /* AppDelegate.swift */ = {isa = PBXFileReference; lastKnownFileType = sourcecode.swift; path = AppDelegate.swift; sourceTree = "<group>"; };
		D402AE1B1ED31BD100412BE9 /* TaskListViewController.swift */ = {isa = PBXFileReference; lastKnownFileType = sourcecode.swift; path = TaskListViewController.swift; sourceTree = "<group>"; };
		D402AE1E1ED31BD100412BE9 /* Base */ = {isa = PBXFileReference; lastKnownFileType = file.storyboard; name = Base; path = Base.lproj/Main.storyboard; sourceTree = "<group>"; };
		D402AE201ED31BD100412BE9 /* Assets.xcassets */ = {isa = PBXFileReference; lastKnownFileType = folder.assetcatalog; path = Assets.xcassets; sourceTree = "<group>"; };
		D402AE231ED31BD100412BE9 /* Base */ = {isa = PBXFileReference; lastKnownFileType = file.storyboard; name = Base; path = Base.lproj/LaunchScreen.storyboard; sourceTree = "<group>"; };
		D402AE251ED31BD100412BE9 /* Info.plist */ = {isa = PBXFileReference; lastKnownFileType = text.plist.xml; path = Info.plist; sourceTree = "<group>"; };
		D4B77BB81ED5A22000979112 /* Task.swift */ = {isa = PBXFileReference; fileEncoding = 4; lastKnownFileType = sourcecode.swift; path = Task.swift; sourceTree = "<group>"; };
		D4B77BBA1ED5B44B00979112 /* TaskEditViewController.swift */ = {isa = PBXFileReference; fileEncoding = 4; lastKnownFileType = sourcecode.swift; path = TaskEditViewController.swift; sourceTree = "<group>"; };
/* End PBXFileReference section */

/* Begin PBXFrameworksBuildPhase section */
		D402AE131ED31BD100412BE9 /* Frameworks */ = {
			isa = PBXFrameworksBuildPhase;
			buildActionMask = 2147483647;
			files = (
			);
			runOnlyForDeploymentPostprocessing = 0;
		};
/* End PBXFrameworksBuildPhase section */

/* Begin PBXGroup section */
		D402AE0D1ED31BD100412BE9 = {
			isa = PBXGroup;
			children = (
				D402AE181ED31BD100412BE9 /* Todobox */,
				D402AE171ED31BD100412BE9 /* Products */,
			);
			sourceTree = "<group>";
		};
		D402AE171ED31BD100412BE9 /* Products */ = {
			isa = PBXGroup;
			children = (
				D402AE161ED31BD100412BE9 /* Todobox.app */,
			);
			name = Products;
			sourceTree = "<group>";
		};
		D402AE181ED31BD100412BE9 /* Todobox */ = {
			isa = PBXGroup;
			children = (
				D402AE191ED31BD100412BE9 /* AppDelegate.swift */,
				D402AE1B1ED31BD100412BE9 /* TaskListViewController.swift */,
				D4B77BBA1ED5B44B00979112 /* TaskEditViewController.swift */,
				D402AE1D1ED31BD100412BE9 /* Main.storyboard */,
				D4B77BB81ED5A22000979112 /* Task.swift */,
				D402AE201ED31BD100412BE9 /* Assets.xcassets */,
				D402AE221ED31BD100412BE9 /* LaunchScreen.storyboard */,
				D402AE251ED31BD100412BE9 /* Info.plist */,
			);
			path = Todobox;
			sourceTree = "<group>";
		};
/* End PBXGroup section */

/* Begin PBXNativeTarget section */
		D402AE151ED31BD100412BE9 /* Todobox */ = {
			isa = PBXNativeTarget;
			buildConfigurationList = D402AE281ED31BD100412BE9 /* Build configuration list for PBXNativeTarget "Todobox" */;
			buildPhases = (
				D402AE121ED31BD100412BE9 /* Sources */,
				D402AE131ED31BD100412BE9 /* Frameworks */,
				D402AE141ED31BD100412BE9 /* Resources */,
			);
			buildRules = (
			);
			dependencies = (
			);
			name = Todobox;
			productName = Todobox;
			productReference = D402AE161ED31BD100412BE9 /* Todobox.app */;
			productType = "com.apple.product-type.application";
		};
/* End PBXNativeTarget section */

/* Begin PBXProject section */
		D402AE0E1ED31BD100412BE9 /* Project object */ = {
			isa = PBXProject;
			attributes = {
				LastSwiftUpdateCheck = 0830;
				LastUpgradeCheck = 0830;
				ORGANIZATIONNAME = hyeonju;
				TargetAttributes = {
					D402AE151ED31BD100412BE9 = {
						CreatedOnToolsVersion = 8.3.2;
						ProvisioningStyle = Automatic;
					};
				};
			};
			buildConfigurationList = D402AE111ED31BD100412BE9 /* Build configuration list for PBXProject "Todobox" */;
			compatibilityVersion = "Xcode 3.2";
			developmentRegion = English;
			hasScannedForEncodings = 0;
			knownRegions = (
				en,
				Base,
			);
			mainGroup = D402AE0D1ED31BD100412BE9;
			productRefGroup = D402AE171ED31BD100412BE9 /* Products */;
			projectDirPath = "";
			projectRoot = "";
			targets = (
				D402AE151ED31BD100412BE9 /* Todobox */,
			);
		};
/* End PBXProject section */

/* Begin PBXResourcesBuildPhase section */
		D402AE141ED31BD100412BE9 /* Resources */ = {
			isa = PBXResourcesBuildPhase;
			buildActionMask = 2147483647;
			files = (
				D402AE241ED31BD100412BE9 /* LaunchScreen.storyboard in Resources */,
				D402AE211ED31BD100412BE9 /* Assets.xcassets in Resources */,
				D402AE1F1ED31BD100412BE9 /* Main.storyboard in Resources */,
			);
			runOnlyForDeploymentPostprocessing = 0;
		};
/* End PBXResourcesBuildPhase section */

/* Begin PBXSourcesBuildPhase section */
		D402AE121ED31BD100412BE9 /* Sources */ = {
			isa = PBXSourcesBuildPhase;
			buildActionMask = 2147483647;
			files = (
				D402AE1C1ED31BD100412BE9 /* TaskListViewController.swift in Sources */,
				D4B77BB91ED5A22000979112 /* Task.swift in Sources */,
				D402AE1A1ED31BD100412BE9 /* AppDelegate.swift in Sources */,
				D4B77BBB1ED5B44B00979112 /* TaskEditViewController.swift in Sources */,
			);
			runOnlyForDeploymentPostprocessing = 0;
		};
/* End PBXSourcesBuildPhase section */

/* Begin PBXVariantGroup section */
		D402AE1D1ED31BD100412BE9 /* Main.storyboard */ = {
			isa = PBXVariantGroup;
			children = (
				D402AE1E1ED31BD100412BE9 /* Base */,
			);
			name = Main.storyboard;
			sourceTree = "<group>";
		};
		D402AE221ED31BD100412BE9 /* LaunchScreen.storyboard */ = {
			isa = PBXVariantGroup;
			children = (
				D402AE231ED31BD100412BE9 /* Base */,
			);
			name = LaunchScreen.storyboard;
			sourceTree = "<group>";
		};
/* End PBXVariantGroup section */

/* Begin XCBuildConfiguration section */
		D402AE261ED31BD100412BE9 /* Debug */ = {
			isa = XCBuildConfiguration;
			buildSettings = {
				ALWAYS_SEARCH_USER_PATHS = NO;
				CLANG_ANALYZER_NONNULL = YES;
				CLANG_ANALYZER_NUMBER_OBJECT_CONVERSION = YES_AGGRESSIVE;
				CLANG_CXX_LANGUAGE_STANDARD = "gnu++0x";
				CLANG_CXX_LIBRARY = "libc++";
				CLANG_ENABLE_MODULES = YES;
				CLANG_ENABLE_OBJC_ARC = YES;
				CLANG_WARN_BOOL_CONVERSION = YES;
				CLANG_WARN_CONSTANT_CONVERSION = YES;
				CLANG_WARN_DIRECT_OBJC_ISA_USAGE = YES_ERROR;
				CLANG_WARN_DOCUMENTATION_COMMENTS = YES;
				CLANG_WARN_EMPTY_BODY = YES;
				CLANG_WARN_ENUM_CONVERSION = YES;
				CLANG_WARN_INFINITE_RECURSION = YES;
				CLANG_WARN_INT_CONVERSION = YES;
				CLANG_WARN_OBJC_ROOT_CLASS = YES_ERROR;
				CLANG_WARN_SUSPICIOUS_MOVE = YES;
				CLANG_WARN_UNREACHABLE_CODE = YES;
				CLANG_WARN__DUPLICATE_METHOD_MATCH = YES;
				"CODE_SIGN_IDENTITY[sdk=iphoneos*]" = "iPhone Developer";
				COPY_PHASE_STRIP = NO;
				DEBUG_INFORMATION_FORMAT = dwarf;
				ENABLE_STRICT_OBJC_MSGSEND = YES;
				ENABLE_TESTABILITY = YES;
				GCC_C_LANGUAGE_STANDARD = gnu99;
				GCC_DYNAMIC_NO_PIC = NO;
				GCC_NO_COMMON_BLOCKS = YES;
				GCC_OPTIMIZATION_LEVEL = 0;
				GCC_PREPROCESSOR_DEFINITIONS = (
					"DEBUG=1",
					"$(inherited)",
				);
				GCC_WARN_64_TO_32_BIT_CONVERSION = YES;
				GCC_WARN_ABOUT_RETURN_TYPE = YES_ERROR;
				GCC_WARN_UNDECLARED_SELECTOR = YES;
				GCC_WARN_UNINITIALIZED_AUTOS = YES_AGGRESSIVE;
				GCC_WARN_UNUSED_FUNCTION = YES;
				GCC_WARN_UNUSED_VARIABLE = YES;
				IPHONEOS_DEPLOYMENT_TARGET = 10.3;
				MTL_ENABLE_DEBUG_INFO = YES;
				ONLY_ACTIVE_ARCH = YES;
				SDKROOT = iphoneos;
				SWIFT_ACTIVE_COMPILATION_CONDITIONS = DEBUG;
				SWIFT_OPTIMIZATION_LEVEL = "-Onone";
			};
			name = Debug;
		};
		D402AE271ED31BD100412BE9 /* Release */ = {
			isa = XCBuildConfiguration;
			buildSettings = {
				ALWAYS_SEARCH_USER_PATHS = NO;
				CLANG_ANALYZER_NONNULL = YES;
				CLANG_ANALYZER_NUMBER_OBJECT_CONVERSION = YES_AGGRESSIVE;
				CLANG_CXX_LANGUAGE_STANDARD = "gnu++0x";
				CLANG_CXX_LIBRARY = "libc++";
				CLANG_ENABLE_MODULES = YES;
				CLANG_ENABLE_OBJC_ARC = YES;
				CLANG_WARN_BOOL_CONVERSION = YES;
				CLANG_WARN_CONSTANT_CONVERSION = YES;
				CLANG_WARN_DIRECT_OBJC_ISA_USAGE = YES_ERROR;
				CLANG_WARN_DOCUMENTATION_COMMENTS = YES;
				CLANG_WARN_EMPTY_BODY = YES;
				CLANG_WARN_ENUM_CONVERSION = YES;
				CLANG_WARN_INFINITE_RECURSION = YES;
				CLANG_WARN_INT_CONVERSION = YES;
				CLANG_WARN_OBJC_ROOT_CLASS = YES_ERROR;
				CLANG_WARN_SUSPICIOUS_MOVE = YES;
				CLANG_WARN_UNREACHABLE_CODE = YES;
				CLANG_WARN__DUPLICATE_METHOD_MATCH = YES;
				"CODE_SIGN_IDENTITY[sdk=iphoneos*]" = "iPhone Developer";
				COPY_PHASE_STRIP = NO;
				DEBUG_INFORMATION_FORMAT = "dwarf-with-dsym";
				ENABLE_NS_ASSERTIONS = NO;
				ENABLE_STRICT_OBJC_MSGSEND = YES;
				GCC_C_LANGUAGE_STANDARD = gnu99;
				GCC_NO_COMMON_BLOCKS = YES;
				GCC_WARN_64_TO_32_BIT_CONVERSION = YES;
				GCC_WARN_ABOUT_RETURN_TYPE = YES_ERROR;
				GCC_WARN_UNDECLARED_SELECTOR = YES;
				GCC_WARN_UNINITIALIZED_AUTOS = YES_AGGRESSIVE;
				GCC_WARN_UNUSED_FUNCTION = YES;
				GCC_WARN_UNUSED_VARIABLE = YES;
				IPHONEOS_DEPLOYMENT_TARGET = 10.3;
				MTL_ENABLE_DEBUG_INFO = NO;
				SDKROOT = iphoneos;
				SWIFT_OPTIMIZATION_LEVEL = "-Owholemodule";
				VALIDATE_PRODUCT = YES;
			};
			name = Release;
		};
		D402AE291ED31BD100412BE9 /* Debug */ = {
			isa = XCBuildConfiguration;
			buildSettings = {
				ASSETCATALOG_COMPILER_APPICON_NAME = AppIcon;
				INFOPLIST_FILE = Todobox/Info.plist;
				IPHONEOS_DEPLOYMENT_TARGET = 9.0;
				LD_RUNPATH_SEARCH_PATHS = "$(inherited) @executable_path/Frameworks";
				PRODUCT_BUNDLE_IDENTIFIER = com.bluehyunj.Todobox;
				PRODUCT_NAME = "$(TARGET_NAME)";
				SWIFT_VERSION = 3.0;
			};
			name = Debug;
		};
		D402AE2A1ED31BD100412BE9 /* Release */ = {
			isa = XCBuildConfiguration;
			buildSettings = {
				ASSETCATALOG_COMPILER_APPICON_NAME = AppIcon;
				INFOPLIST_FILE = Todobox/Info.plist;
				IPHONEOS_DEPLOYMENT_TARGET = 9.0;
				LD_RUNPATH_SEARCH_PATHS = "$(inherited) @executable_path/Frameworks";
				PRODUCT_BUNDLE_IDENTIFIER = com.bluehyunj.Todobox;
				PRODUCT_NAME = "$(TARGET_NAME)";
				SWIFT_VERSION = 3.0;
			};
			name = Release;
		};
/* End XCBuildConfiguration section */

/* Begin XCConfigurationList section */
		D402AE111ED31BD100412BE9 /* Build configuration list for PBXProject "Todobox" */ = {
			isa = XCConfigurationList;
			buildConfigurations = (
				D402AE261ED31BD100412BE9 /* Debug */,
				D402AE271ED31BD100412BE9 /* Release */,
			);
			defaultConfigurationIsVisible = 0;
			defaultConfigurationName = Release;
		};
		D402AE281ED31BD100412BE9 /* Build configuration list for PBXNativeTarget "Todobox" */ = {
			isa = XCConfigurationList;
			buildConfigurations = (
				D402AE291ED31BD100412BE9 /* Debug */,
				D402AE2A1ED31BD100412BE9 /* Release */,
			);
			defaultConfigurationIsVisible = 0;
			defaultConfigurationName = Release;
		};
/* End XCConfigurationList section */
	};
	rootObject = D402AE0E1ED31BD100412BE9 /* Project object */;
}
